# This file is generated by running "yarn install" inside your project.
# Manual changes might be lost - proceed with caution!

__metadata:
  version: 6
  cacheKey: 8

"gsap-demo@workspace:.":
  version: 0.0.0-use.local
  resolution: "gsap-demo@workspace:."
  dependencies:
    gsap: ^3.11.3
  languageName: unknown
  linkType: soft

"gsap@npm:^3.11.3":
  version: 3.11.3
  resolution: "gsap@npm:3.11.3"
  checksum: b97d33ca1fa28dc3b4ce957fa49226f6dcdea39eddd4ffaf4af2b9fe681ff974731bdb8717e50110842267187064659e2f7874c6d1936de4162f8c7721c09676
  languageName: node
  linkType: hard
